// !$*UTF8*$!
{
	archiveVersion = 1;
	classes = {
	};
	objectVersion = 50;
	objects = {

/* Begin PBXBuildFile section */
		62BEAF77255155790078EEBF /* AppDelegate.swift in Sources */ = {isa = PBXBuildFile; fileRef = 62BEAF76255155790078EEBF /* AppDelegate.swift */; };
		62BEAF802551557B0078EEBF /* Assets.xcassets in Resources */ = {isa = PBXBuildFile; fileRef = 62BEAF7F2551557B0078EEBF /* Assets.xcassets */; };
		62BEAF832551557B0078EEBF /* LaunchScreen.storyboard in Resources */ = {isa = PBXBuildFile; fileRef = 62BEAF812551557B0078EEBF /* LaunchScreen.storyboard */; };
		62BEAF93255156FE0078EEBF /* TabBarViewController.swift in Sources */ = {isa = PBXBuildFile; fileRef = 62BEAF92255156FE0078EEBF /* TabBarViewController.swift */; };
		62BEAFA225515A600078EEBF /* SlidersViewController.swift in Sources */ = {isa = PBXBuildFile; fileRef = 62BEAFA125515A600078EEBF /* SlidersViewController.swift */; };
		62BEAFA625515A700078EEBF /* RusSlidersViewController.swift in Sources */ = {isa = PBXBuildFile; fileRef = 62BEAFA525515A700078EEBF /* RusSlidersViewController.swift */; };
		62BEAFA925515A810078EEBF /* Sliders.storyboard in Resources */ = {isa = PBXBuildFile; fileRef = 62BEAFA825515A810078EEBF /* Sliders.storyboard */; };
		62BEAFAC25515A910078EEBF /* RusSliders.storyboard in Resources */ = {isa = PBXBuildFile; fileRef = 62BEAFAB25515A910078EEBF /* RusSliders.storyboard */; };
		62BEAFB525515C100078EEBF /* AboutViewController.swift in Sources */ = {isa = PBXBuildFile; fileRef = 62BEAFB425515C100078EEBF /* AboutViewController.swift */; };
		62BEAFB925515C200078EEBF /* VideoViewController.swift in Sources */ = {isa = PBXBuildFile; fileRef = 62BEAFB825515C200078EEBF /* VideoViewController.swift */; };
		62BEAFBC25515C330078EEBF /* ContactViewController.swift in Sources */ = {isa = PBXBuildFile; fileRef = 62BEAFBB25515C330078EEBF /* ContactViewController.swift */; };
		62BEAFC225515C590078EEBF /* PlayerViewController.swift in Sources */ = {isa = PBXBuildFile; fileRef = 62BEAFC125515C590078EEBF /* PlayerViewController.swift */; };
		62BEAFC625515C680078EEBF /* Video.storyboard in Resources */ = {isa = PBXBuildFile; fileRef = 62BEAFC525515C680078EEBF /* Video.storyboard */; };
		62BEAFCA25515C790078EEBF /* Player.storyboard in Resources */ = {isa = PBXBuildFile; fileRef = 62BEAFC925515C790078EEBF /* Player.storyboard */; };
		62BEAFCD25515C870078EEBF /* Contact.storyboard in Resources */ = {isa = PBXBuildFile; fileRef = 62BEAFCC25515C870078EEBF /* Contact.storyboard */; };
		62BEAFD025515C930078EEBF /* About.storyboard in Resources */ = {isa = PBXBuildFile; fileRef = 62BEAFCF25515C930078EEBF /* About.storyboard */; };
		62BEAFD525515E240078EEBF /* AboutCollectionViewCell.swift in Sources */ = {isa = PBXBuildFile; fileRef = 62BEAFD425515E240078EEBF /* AboutCollectionViewCell.swift */; };
		62BEAFD925515E380078EEBF /* AboutModel.swift in Sources */ = {isa = PBXBuildFile; fileRef = 62BEAFD825515E380078EEBF /* AboutModel.swift */; };
/* End PBXBuildFile section */

/* Begin PBXFileReference section */
		62BEAF73255155790078EEBF /* ATG.app */ = {isa = PBXFileReference; explicitFileType = wrapper.application; includeInIndex = 0; path = ATG.app; sourceTree = BUILT_PRODUCTS_DIR; };
		62BEAF76255155790078EEBF /* AppDelegate.swift */ = {isa = PBXFileReference; lastKnownFileType = sourcecode.swift; path = AppDelegate.swift; sourceTree = "<group>"; };
		62BEAF7F2551557B0078EEBF /* Assets.xcassets */ = {isa = PBXFileReference; lastKnownFileType = folder.assetcatalog; path = Assets.xcassets; sourceTree = "<group>"; };
		62BEAF822551557B0078EEBF /* Base */ = {isa = PBXFileReference; lastKnownFileType = file.storyboard; name = Base; path = Base.lproj/LaunchScreen.storyboard; sourceTree = "<group>"; };
		62BEAF842551557B0078EEBF /* Info.plist */ = {isa = PBXFileReference; lastKnownFileType = text.plist.xml; path = Info.plist; sourceTree = "<group>"; };
		62BEAF92255156FE0078EEBF /* TabBarViewController.swift */ = {isa = PBXFileReference; lastKnownFileType = sourcecode.swift; path = TabBarViewController.swift; sourceTree = "<group>"; };
		62BEAFA125515A600078EEBF /* SlidersViewController.swift */ = {isa = PBXFileReference; lastKnownFileType = sourcecode.swift; path = SlidersViewController.swift; sourceTree = "<group>"; };
		62BEAFA525515A700078EEBF /* RusSlidersViewController.swift */ = {isa = PBXFileReference; lastKnownFileType = sourcecode.swift; path = RusSlidersViewController.swift; sourceTree = "<group>"; };
		62BEAFA825515A810078EEBF /* Sliders.storyboard */ = {isa = PBXFileReference; lastKnownFileType = file.storyboard; path = Sliders.storyboard; sourceTree = "<group>"; };
		62BEAFAB25515A910078EEBF /* RusSliders.storyboard */ = {isa = PBXFileReference; lastKnownFileType = file.storyboard; path = RusSliders.storyboard; sourceTree = "<group>"; };
		62BEAFB425515C100078EEBF /* AboutViewController.swift */ = {isa = PBXFileReference; lastKnownFileType = sourcecode.swift; path = AboutViewController.swift; sourceTree = "<group>"; };
		62BEAFB825515C200078EEBF /* VideoViewController.swift */ = {isa = PBXFileReference; lastKnownFileType = sourcecode.swift; path = VideoViewController.swift; sourceTree = "<group>"; };
		62BEAFBB25515C330078EEBF /* ContactViewController.swift */ = {isa = PBXFileReference; lastKnownFileType = sourcecode.swift; path = ContactViewController.swift; sourceTree = "<group>"; };
		62BEAFC125515C590078EEBF /* PlayerViewController.swift */ = {isa = PBXFileReference; lastKnownFileType = sourcecode.swift; path = PlayerViewController.swift; sourceTree = "<group>"; };
		62BEAFC525515C680078EEBF /* Video.storyboard */ = {isa = PBXFileReference; lastKnownFileType = file.storyboard; path = Video.storyboard; sourceTree = "<group>"; };
		62BEAFC925515C790078EEBF /* Player.storyboard */ = {isa = PBXFileReference; lastKnownFileType = file.storyboard; path = Player.storyboard; sourceTree = "<group>"; };
		62BEAFCC25515C870078EEBF /* Contact.storyboard */ = {isa = PBXFileReference; lastKnownFileType = file.storyboard; path = Contact.storyboard; sourceTree = "<group>"; };
		62BEAFCF25515C930078EEBF /* About.storyboard */ = {isa = PBXFileReference; lastKnownFileType = file.storyboard; path = About.storyboard; sourceTree = "<group>"; };
		62BEAFD425515E240078EEBF /* AboutCollectionViewCell.swift */ = {isa = PBXFileReference; lastKnownFileType = sourcecode.swift; path = AboutCollectionViewCell.swift; sourceTree = "<group>"; };
		62BEAFD825515E380078EEBF /* AboutModel.swift */ = {isa = PBXFileReference; lastKnownFileType = sourcecode.swift; path = AboutModel.swift; sourceTree = "<group>"; };
/* End PBXFileReference section */

/* Begin PBXFrameworksBuildPhase section */
		62BEAF70255155790078EEBF /* Frameworks */ = {
			isa = PBXFrameworksBuildPhase;
			buildActionMask = 2147483647;
			files = (
			);
			runOnlyForDeploymentPostprocessing = 0;
		};
/* End PBXFrameworksBuildPhase section */

/* Begin PBXGroup section */
		62BEAF6A255155790078EEBF = {
			isa = PBXGroup;
			children = (
				62BEAF75255155790078EEBF /* ATG */,
				62BEAF74255155790078EEBF /* Products */,
			);
			sourceTree = "<group>";
		};
		62BEAF74255155790078EEBF /* Products */ = {
			isa = PBXGroup;
			children = (
				62BEAF73255155790078EEBF /* ATG.app */,
			);
			name = Products;
			sourceTree = "<group>";
		};
		62BEAF75255155790078EEBF /* ATG */ = {
			isa = PBXGroup;
			children = (
				62BEAF97255158FE0078EEBF /* Calculator */,
				62BEAF90255156E10078EEBF /* TabBar */,
				62BEAF76255155790078EEBF /* AppDelegate.swift */,
				62BEAF7F2551557B0078EEBF /* Assets.xcassets */,
				62BEAF812551557B0078EEBF /* LaunchScreen.storyboard */,
				62BEAF842551557B0078EEBF /* Info.plist */,
			);
			path = ATG;
			sourceTree = "<group>";
		};
		62BEAF90255156E10078EEBF /* TabBar */ = {
			isa = PBXGroup;
			children = (
				62BEAF91255156EC0078EEBF /* ViewController */,
			);
			path = TabBar;
			sourceTree = "<group>";
		};
		62BEAF91255156EC0078EEBF /* ViewController */ = {
			isa = PBXGroup;
			children = (
				62BEAF92255156FE0078EEBF /* TabBarViewController.swift */,
			);
			path = ViewController;
			sourceTree = "<group>";
		};
		62BEAF97255158FE0078EEBF /* Calculator */ = {
			isa = PBXGroup;
			children = (
				62BEAF9B255159FE0078EEBF /* Contact */,
				62BEAF9A255159F80078EEBF /* Video */,
				62BEAF99255159EE0078EEBF /* About */,
				62BEAF98255159E70078EEBF /* Sliders */,
			);
			path = Calculator;
			sourceTree = "<group>";
		};
		62BEAF98255159E70078EEBF /* Sliders */ = {
			isa = PBXGroup;
			children = (
				62BEAF9E25515A260078EEBF /* RusSliders */,
				62BEAF9D25515A1E0078EEBF /* Storyboard */,
				62BEAF9C25515A160078EEBF /* ViewController */,
			);
			path = Sliders;
			sourceTree = "<group>";
		};
		62BEAF99255159EE0078EEBF /* About */ = {
			isa = PBXGroup;
			children = (
				62BEAFD325515E0C0078EEBF /* Model */,
				62BEAFD225515E070078EEBF /* Cell */,
				62BEAFAF25515B430078EEBF /* Storyboard */,
				62BEAFAE25515B380078EEBF /* ViewController */,
			);
			path = About;
			sourceTree = "<group>";
		};
		62BEAF9A255159F80078EEBF /* Video */ = {
			isa = PBXGroup;
			children = (
				62BEAFBE25515C3A0078EEBF /* Player */,
				62BEAFB125515BDE0078EEBF /* Storyboard */,
				62BEAFB025515B530078EEBF /* ViewController */,
			);
			path = Video;
			sourceTree = "<group>";
		};
		62BEAF9B255159FE0078EEBF /* Contact */ = {
			isa = PBXGroup;
			children = (
				62BEAFB325515BEE0078EEBF /* Storyboard */,
				62BEAFB225515BE70078EEBF /* ViewController */,
			);
			path = Contact;
			sourceTree = "<group>";
		};
		62BEAF9C25515A160078EEBF /* ViewController */ = {
			isa = PBXGroup;
			children = (
				62BEAFA125515A600078EEBF /* SlidersViewController.swift */,
			);
			path = ViewController;
			sourceTree = "<group>";
		};
		62BEAF9D25515A1E0078EEBF /* Storyboard */ = {
			isa = PBXGroup;
			children = (
				62BEAFA825515A810078EEBF /* Sliders.storyboard */,
			);
			path = Storyboard;
			sourceTree = "<group>";
		};
		62BEAF9E25515A260078EEBF /* RusSliders */ = {
			isa = PBXGroup;
			children = (
				62BEAFA025515A380078EEBF /* Storyboard */,
				62BEAF9F25515A310078EEBF /* ViewController */,
			);
			path = RusSliders;
			sourceTree = "<group>";
		};
		62BEAF9F25515A310078EEBF /* ViewController */ = {
			isa = PBXGroup;
			children = (
				62BEAFA525515A700078EEBF /* RusSlidersViewController.swift */,
			);
			path = ViewController;
			sourceTree = "<group>";
		};
		62BEAFA025515A380078EEBF /* Storyboard */ = {
			isa = PBXGroup;
			children = (
				62BEAFAB25515A910078EEBF /* RusSliders.storyboard */,
			);
			path = Storyboard;
			sourceTree = "<group>";
		};
		62BEAFAE25515B380078EEBF /* ViewController */ = {
			isa = PBXGroup;
			children = (
				62BEAFB425515C100078EEBF /* AboutViewController.swift */,
			);
			path = ViewController;
			sourceTree = "<group>";
		};
		62BEAFAF25515B430078EEBF /* Storyboard */ = {
			isa = PBXGroup;
			children = (
				62BEAFCF25515C930078EEBF /* About.storyboard */,
			);
			path = Storyboard;
			sourceTree = "<group>";
		};
		62BEAFB025515B530078EEBF /* ViewController */ = {
			isa = PBXGroup;
			children = (
				62BEAFB825515C200078EEBF /* VideoViewController.swift */,
			);
			path = ViewController;
			sourceTree = "<group>";
		};
		62BEAFB125515BDE0078EEBF /* Storyboard */ = {
			isa = PBXGroup;
			children = (
				62BEAFC525515C680078EEBF /* Video.storyboard */,
			);
			path = Storyboard;
			sourceTree = "<group>";
		};
		62BEAFB225515BE70078EEBF /* ViewController */ = {
			isa = PBXGroup;
			children = (
				62BEAFBB25515C330078EEBF /* ContactViewController.swift */,
			);
			path = ViewController;
			sourceTree = "<group>";
		};
		62BEAFB325515BEE0078EEBF /* Storyboard */ = {
			isa = PBXGroup;
			children = (
				62BEAFCC25515C870078EEBF /* Contact.storyboard */,
			);
			path = Storyboard;
			sourceTree = "<group>";
		};
		62BEAFBE25515C3A0078EEBF /* Player */ = {
			isa = PBXGroup;
			children = (
				62BEAFC025515C480078EEBF /* Storyboard */,
				62BEAFBF25515C400078EEBF /* ViewController */,
			);
			path = Player;
			sourceTree = "<group>";
		};
		62BEAFBF25515C400078EEBF /* ViewController */ = {
			isa = PBXGroup;
			children = (
				62BEAFC125515C590078EEBF /* PlayerViewController.swift */,
			);
			path = ViewController;
			sourceTree = "<group>";
		};
		62BEAFC025515C480078EEBF /* Storyboard */ = {
			isa = PBXGroup;
			children = (
				62BEAFC925515C790078EEBF /* Player.storyboard */,
			);
			path = Storyboard;
			sourceTree = "<group>";
		};
		62BEAFD225515E070078EEBF /* Cell */ = {
			isa = PBXGroup;
			children = (
				62BEAFD425515E240078EEBF /* AboutCollectionViewCell.swift */,
			);
			path = Cell;
			sourceTree = "<group>";
		};
		62BEAFD325515E0C0078EEBF /* Model */ = {
			isa = PBXGroup;
			children = (
				62BEAFD825515E380078EEBF /* AboutModel.swift */,
			);
			path = Model;
			sourceTree = "<group>";
		};
/* End PBXGroup section */

/* Begin PBXNativeTarget section */
		62BEAF72255155790078EEBF /* ATG */ = {
			isa = PBXNativeTarget;
			buildConfigurationList = 62BEAF872551557B0078EEBF /* Build configuration list for PBXNativeTarget "ATG" */;
			buildPhases = (
				62BEAF6F255155790078EEBF /* Sources */,
				62BEAF70255155790078EEBF /* Frameworks */,
				62BEAF71255155790078EEBF /* Resources */,
			);
			buildRules = (
			);
			dependencies = (
			);
			name = ATG;
			productName = ATG;
			productReference = 62BEAF73255155790078EEBF /* ATG.app */;
			productType = "com.apple.product-type.application";
		};
/* End PBXNativeTarget section */

/* Begin PBXProject section */
		62BEAF6B255155790078EEBF /* Project object */ = {
			isa = PBXProject;
			attributes = {
				LastSwiftUpdateCheck = 1200;
				LastUpgradeCheck = 1200;
				TargetAttributes = {
					62BEAF72255155790078EEBF = {
						CreatedOnToolsVersion = 12.0.1;
					};
				};
			};
			buildConfigurationList = 62BEAF6E255155790078EEBF /* Build configuration list for PBXProject "ATG" */;
			compatibilityVersion = "Xcode 9.3";
			developmentRegion = en;
			hasScannedForEncodings = 0;
			knownRegions = (
				en,
				Base,
			);
			mainGroup = 62BEAF6A255155790078EEBF;
			productRefGroup = 62BEAF74255155790078EEBF /* Products */;
			projectDirPath = "";
			projectRoot = "";
			targets = (
				62BEAF72255155790078EEBF /* ATG */,
			);
		};
/* End PBXProject section */

/* Begin PBXResourcesBuildPhase section */
		62BEAF71255155790078EEBF /* Resources */ = {
			isa = PBXResourcesBuildPhase;
			buildActionMask = 2147483647;
			files = (
				62BEAFAC25515A910078EEBF /* RusSliders.storyboard in Resources */,
				62BEAFC625515C680078EEBF /* Video.storyboard in Resources */,
				62BEAFD025515C930078EEBF /* About.storyboard in Resources */,
				62BEAF832551557B0078EEBF /* LaunchScreen.storyboard in Resources */,
				62BEAF802551557B0078EEBF /* Assets.xcassets in Resources */,
				62BEAFA925515A810078EEBF /* Sliders.storyboard in Resources */,
				62BEAFCA25515C790078EEBF /* Player.storyboard in Resources */,
				62BEAFCD25515C870078EEBF /* Contact.storyboard in Resources */,
			);
			runOnlyForDeploymentPostprocessing = 0;
		};
/* End PBXResourcesBuildPhase section */

/* Begin PBXSourcesBuildPhase section */
		62BEAF6F255155790078EEBF /* Sources */ = {
			isa = PBXSourcesBuildPhase;
			buildActionMask = 2147483647;
			files = (
				62BEAFA625515A700078EEBF /* RusSlidersViewController.swift in Sources */,
				62BEAFC225515C590078EEBF /* PlayerViewController.swift in Sources */,
				62BEAFBC25515C330078EEBF /* ContactViewController.swift in Sources */,
				62BEAFD925515E380078EEBF /* AboutModel.swift in Sources */,
				62BEAFD525515E240078EEBF /* AboutCollectionViewCell.swift in Sources */,
				62BEAF93255156FE0078EEBF /* TabBarViewController.swift in Sources */,
				62BEAFB925515C200078EEBF /* VideoViewController.swift in Sources */,
				62BEAFA225515A600078EEBF /* SlidersViewController.swift in Sources */,
				62BEAFB525515C100078EEBF /* AboutViewController.swift in Sources */,
				62BEAF77255155790078EEBF /* AppDelegate.swift in Sources */,
			);
			runOnlyForDeploymentPostprocessing = 0;
		};
/* End PBXSourcesBuildPhase section */

/* Begin PBXVariantGroup section */
		62BEAF812551557B0078EEBF /* LaunchScreen.storyboard */ = {
			isa = PBXVariantGroup;
			children = (
				62BEAF822551557B0078EEBF /* Base */,
			);
			name = LaunchScreen.storyboard;
			sourceTree = "<group>";
		};
/* End PBXVariantGroup section */

/* Begin XCBuildConfiguration section */
		62BEAF852551557B0078EEBF /* Debug */ = {
			isa = XCBuildConfiguration;
			buildSettings = {
				ALWAYS_SEARCH_USER_PATHS = NO;
				CLANG_ANALYZER_NONNULL = YES;
				CLANG_ANALYZER_NUMBER_OBJECT_CONVERSION = YES_AGGRESSIVE;
				CLANG_CXX_LANGUAGE_STANDARD = "gnu++14";
				CLANG_CXX_LIBRARY = "libc++";
				CLANG_ENABLE_MODULES = YES;
				CLANG_ENABLE_OBJC_ARC = YES;
				CLANG_ENABLE_OBJC_WEAK = YES;
				CLANG_WARN_BLOCK_CAPTURE_AUTORELEASING = YES;
				CLANG_WARN_BOOL_CONVERSION = YES;
				CLANG_WARN_COMMA = YES;
				CLANG_WARN_CONSTANT_CONVERSION = YES;
				CLANG_WARN_DEPRECATED_OBJC_IMPLEMENTATIONS = YES;
				CLANG_WARN_DIRECT_OBJC_ISA_USAGE = YES_ERROR;
				CLANG_WARN_DOCUMENTATION_COMMENTS = YES;
				CLANG_WARN_EMPTY_BODY = YES;
				CLANG_WARN_ENUM_CONVERSION = YES;
				CLANG_WARN_INFINITE_RECURSION = YES;
				CLANG_WARN_INT_CONVERSION = YES;
				CLANG_WARN_NON_LITERAL_NULL_CONVERSION = YES;
				CLANG_WARN_OBJC_IMPLICIT_RETAIN_SELF = YES;
				CLANG_WARN_OBJC_LITERAL_CONVERSION = YES;
				CLANG_WARN_OBJC_ROOT_CLASS = YES_ERROR;
				CLANG_WARN_QUOTED_INCLUDE_IN_FRAMEWORK_HEADER = YES;
				CLANG_WARN_RANGE_LOOP_ANALYSIS = YES;
				CLANG_WARN_STRICT_PROTOTYPES = YES;
				CLANG_WARN_SUSPICIOUS_MOVE = YES;
				CLANG_WARN_UNGUARDED_AVAILABILITY = YES_AGGRESSIVE;
				CLANG_WARN_UNREACHABLE_CODE = YES;
				CLANG_WARN__DUPLICATE_METHOD_MATCH = YES;
				COPY_PHASE_STRIP = NO;
				DEBUG_INFORMATION_FORMAT = dwarf;
				ENABLE_STRICT_OBJC_MSGSEND = YES;
				ENABLE_TESTABILITY = YES;
				GCC_C_LANGUAGE_STANDARD = gnu11;
				GCC_DYNAMIC_NO_PIC = NO;
				GCC_NO_COMMON_BLOCKS = YES;
				GCC_OPTIMIZATION_LEVEL = 0;
				GCC_PREPROCESSOR_DEFINITIONS = (
					"DEBUG=1",
					"$(inherited)",
				);
				GCC_WARN_64_TO_32_BIT_CONVERSION = YES;
				GCC_WARN_ABOUT_RETURN_TYPE = YES_ERROR;
				GCC_WARN_UNDECLARED_SELECTOR = YES;
				GCC_WARN_UNINITIALIZED_AUTOS = YES_AGGRESSIVE;
				GCC_WARN_UNUSED_FUNCTION = YES;
				GCC_WARN_UNUSED_VARIABLE = YES;
				IPHONEOS_DEPLOYMENT_TARGET = 12.0;
				MTL_ENABLE_DEBUG_INFO = INCLUDE_SOURCE;
				MTL_FAST_MATH = YES;
				ONLY_ACTIVE_ARCH = YES;
				SDKROOT = iphoneos;
				SWIFT_ACTIVE_COMPILATION_CONDITIONS = DEBUG;
				SWIFT_OPTIMIZATION_LEVEL = "-Onone";
			};
			name = Debug;
		};
		62BEAF862551557B0078EEBF /* Release */ = {
			isa = XCBuildConfiguration;
			buildSettings = {
				ALWAYS_SEARCH_USER_PATHS = NO;
				CLANG_ANALYZER_NONNULL = YES;
				CLANG_ANALYZER_NUMBER_OBJECT_CONVERSION = YES_AGGRESSIVE;
				CLANG_CXX_LANGUAGE_STANDARD = "gnu++14";
				CLANG_CXX_LIBRARY = "libc++";
				CLANG_ENABLE_MODULES = YES;
				CLANG_ENABLE_OBJC_ARC = YES;
				CLANG_ENABLE_OBJC_WEAK = YES;
				CLANG_WARN_BLOCK_CAPTURE_AUTORELEASING = YES;
				CLANG_WARN_BOOL_CONVERSION = YES;
				CLANG_WARN_COMMA = YES;
				CLANG_WARN_CONSTANT_CONVERSION = YES;
				CLANG_WARN_DEPRECATED_OBJC_IMPLEMENTATIONS = YES;
				CLANG_WARN_DIRECT_OBJC_ISA_USAGE = YES_ERROR;
				CLANG_WARN_DOCUMENTATION_COMMENTS = YES;
				CLANG_WARN_EMPTY_BODY = YES;
				CLANG_WARN_ENUM_CONVERSION = YES;
				CLANG_WARN_INFINITE_RECURSION = YES;
				CLANG_WARN_INT_CONVERSION = YES;
				CLANG_WARN_NON_LITERAL_NULL_CONVERSION = YES;
				CLANG_WARN_OBJC_IMPLICIT_RETAIN_SELF = YES;
				CLANG_WARN_OBJC_LITERAL_CONVERSION = YES;
				CLANG_WARN_OBJC_ROOT_CLASS = YES_ERROR;
				CLANG_WARN_QUOTED_INCLUDE_IN_FRAMEWORK_HEADER = YES;
				CLANG_WARN_RANGE_LOOP_ANALYSIS = YES;
				CLANG_WARN_STRICT_PROTOTYPES = YES;
				CLANG_WARN_SUSPICIOUS_MOVE = YES;
				CLANG_WARN_UNGUARDED_AVAILABILITY = YES_AGGRESSIVE;
				CLANG_WARN_UNREACHABLE_CODE = YES;
				CLANG_WARN__DUPLICATE_METHOD_MATCH = YES;
				COPY_PHASE_STRIP = NO;
				DEBUG_INFORMATION_FORMAT = "dwarf-with-dsym";
				ENABLE_NS_ASSERTIONS = NO;
				ENABLE_STRICT_OBJC_MSGSEND = YES;
				GCC_C_LANGUAGE_STANDARD = gnu11;
				GCC_NO_COMMON_BLOCKS = YES;
				GCC_WARN_64_TO_32_BIT_CONVERSION = YES;
				GCC_WARN_ABOUT_RETURN_TYPE = YES_ERROR;
				GCC_WARN_UNDECLARED_SELECTOR = YES;
				GCC_WARN_UNINITIALIZED_AUTOS = YES_AGGRESSIVE;
				GCC_WARN_UNUSED_FUNCTION = YES;
				GCC_WARN_UNUSED_VARIABLE = YES;
				IPHONEOS_DEPLOYMENT_TARGET = 12.0;
				MTL_ENABLE_DEBUG_INFO = NO;
				MTL_FAST_MATH = YES;
				SDKROOT = iphoneos;
				SWIFT_COMPILATION_MODE = wholemodule;
				SWIFT_OPTIMIZATION_LEVEL = "-O";
				VALIDATE_PRODUCT = YES;
			};
			name = Release;
		};
		62BEAF882551557B0078EEBF /* Debug */ = {
			isa = XCBuildConfiguration;
			buildSettings = {
				ASSETCATALOG_COMPILER_APPICON_NAME = AppIcon;
				ASSETCATALOG_COMPILER_GLOBAL_ACCENT_COLOR_NAME = AccentColor;
				CODE_SIGN_STYLE = Automatic;
				INFOPLIST_FILE = ATG/Info.plist;
				LD_RUNPATH_SEARCH_PATHS = (
					"$(inherited)",
					"@executable_path/Frameworks",
				);
				PRODUCT_BUNDLE_IDENTIFIER = Myself.ATG;
				PRODUCT_NAME = "$(TARGET_NAME)";
				SWIFT_VERSION = 5.0;
				TARGETED_DEVICE_FAMILY = 1;
			};
			name = Debug;
		};
		62BEAF892551557B0078EEBF /* Release */ = {
			isa = XCBuildConfiguration;
			buildSettings = {
				ASSETCATALOG_COMPILER_APPICON_NAME = AppIcon;
				ASSETCATALOG_COMPILER_GLOBAL_ACCENT_COLOR_NAME = AccentColor;
				CODE_SIGN_STYLE = Automatic;
				INFOPLIST_FILE = ATG/Info.plist;
				LD_RUNPATH_SEARCH_PATHS = (
					"$(inherited)",
					"@executable_path/Frameworks",
				);
				PRODUCT_BUNDLE_IDENTIFIER = Myself.ATG;
				PRODUCT_NAME = "$(TARGET_NAME)";
				SWIFT_VERSION = 5.0;
				TARGETED_DEVICE_FAMILY = 1;
			};
			name = Release;
		};
/* End XCBuildConfiguration section */

/* Begin XCConfigurationList section */
		62BEAF6E255155790078EEBF /* Build configuration list for PBXProject "ATG" */ = {
			isa = XCConfigurationList;
			buildConfigurations = (
				62BEAF852551557B0078EEBF /* Debug */,
				62BEAF862551557B0078EEBF /* Release */,
			);
			defaultConfigurationIsVisible = 0;
			defaultConfigurationName = Release;
		};
		62BEAF872551557B0078EEBF /* Build configuration list for PBXNativeTarget "ATG" */ = {
			isa = XCConfigurationList;
			buildConfigurations = (
				62BEAF882551557B0078EEBF /* Debug */,
				62BEAF892551557B0078EEBF /* Release */,
			);
			defaultConfigurationIsVisible = 0;
			defaultConfigurationName = Release;
		};
/* End XCConfigurationList section */
	};
	rootObject = 62BEAF6B255155790078EEBF /* Project object */;
}
